
Microsoft Visual Studio Solution File, Format Version 12.00
# Visual Studio Version 17
VisualStudioVersion = 17.14.37710.0 d17.14
MinimumVisualStudioVersion = 10.0.40219.1
Project("{FAE04EC0-301F-11D3-BF4B-00C04F79EFBC}") = "MaxInterventioonK-Subsets", "MaxInterventioonK-Subsets\MaxInterventioonK-Subsets.csproj", "{ED495064-1CE7-411A-B883-D3E87D473BCF}"
EndProject
Global
	GlobalSection(SolutionConfigurationPlatforms) = preSolution
		Debug|Any CPU = Debug|Any CPU
		Release|Any CPU = Release|Any CPU
	EndGlobalSection
	GlobalSection(ProjectConfigurationPlatforms) = postSolution
		{ED495064-1CE7-411A-B883-D3E87D473BCF}.Debug|Any CPU.ActiveCfg = Debug|Any CPU
		{ED495064-1CE7-411A-B883-D3E87D473BCF}.Debug|Any CPU.Build.0 = Debug|Any CPU
		{ED495064-1CE7-411A-B883-D3E87D473BCF}.Release|Any CPU.ActiveCfg = Release|Any CPU
		{ED495064-1CE7-411A-B883-D3E87D473BCF}.Release|Any CPU.Build.0 = Release|Any CPU
	EndGlobalSection
	GlobalSection(SolutionProperties) = preSolution
		HideSolutionNode = FALSE
	EndGlobalSection
	GlobalSection(ExtensibilityGlobals) = postSolution
		SolutionGuid = {3F3FB1FD-AE5D-468C-9A05-F02C0FCCE7D6}
	EndGlobalSection
EndGlobal
